Microsoft Visual Studio Solution File, Format Version 11.00
# Visual Studio 2008

Project("{A250D895-6FEF-8F7B-AC1E-D923F4AFDAA7}") = "mario Game", "Assembly-CSharp-vs.csproj", "{372DDF5C-CFC3-2695-5348-6ED39630D20F}"
EndProject
Project("{A250D895-6FEF-8F7B-AC1E-D923F4AFDAA7}") = "mario Game", "Assembly-CSharp-Editor-vs.csproj", "{C55720D7-3602-C0A3-7BA5-498C85049C68}"
EndProject
Global
	GlobalSection(SolutionConfigurationPlatforms) = preSolution
		Debug|Any CPU = Debug|Any CPU
		Release|Any CPU = Release|Any CPU
	EndGlobalSection
	GlobalSection(ProjectConfigurationPlatforms) = postSolution
		{372DDF5C-CFC3-2695-5348-6ED39630D20F}.Debug|Any CPU.ActiveCfg = Debug|Any CPU
		{372DDF5C-CFC3-2695-5348-6ED39630D20F}.Debug|Any CPU.Build.0 = Debug|Any CPU
		{372DDF5C-CFC3-2695-5348-6ED39630D20F}.Release|Any CPU.ActiveCfg = Release|Any CPU
		{372DDF5C-CFC3-2695-5348-6ED39630D20F}.Release|Any CPU.Build.0 = Release|Any CPU
		{C55720D7-3602-C0A3-7BA5-498C85049C68}.Debug|Any CPU.ActiveCfg = Debug|Any CPU
		{C55720D7-3602-C0A3-7BA5-498C85049C68}.Debug|Any CPU.Build.0 = Debug|Any CPU
		{C55720D7-3602-C0A3-7BA5-498C85049C68}.Release|Any CPU.ActiveCfg = Release|Any CPU
		{C55720D7-3602-C0A3-7BA5-498C85049C68}.Release|Any CPU.Build.0 = Release|Any CPU
	EndGlobalSection
	GlobalSection(SolutionProperties) = preSolution
		HideSolutionNode = FALSE
	EndGlobalSection
					GlobalSection(MonoDevelopProperties) = preSolution
		StartupItem = Assembly-CSharp.csproj
		Policies = $0
		$0.TextStylePolicy = $1
		$1.inheritsSet = null
		$1.scope = text/x-csharp
		$0.CSharpFormattingPolicy = $2
		$2.inheritsSet = Mono
		$2.inheritsScope = text/x-csharp
		$2.scope = text/x-csharp
		$0.TextStylePolicy = $3
		$3.FileWidth = 120
		$3.TabWidth = 4
		$3.EolMarker = Unix
		$3.inheritsSet = Mono
		$3.inheritsScope = text/plain
		$3.scope = text/plain
	EndGlobalSection

EndGlobal
